
Microsoft Visual Studio Solution File, Format Version 12.00
# Visual Studio Version 16
VisualStudioVersion = 16.0.29911.84
MinimumVisualStudioVersion = 10.0.40219.1
Project("{9A19103F-16F7-4668-BE54-9A1E7A4F7556}") = "urlshortener", "urlshortener\urlshortener.csproj", "{3AE247F8-197D-4254-8B61-A0D2F23A0082}"
EndProject
Project("{FAE04EC0-301F-11D3-BF4B-00C04F79EFBC}") = "apigateway", "apigateway\apigateway.csproj", "{9731C8B9-9B7F-4CAE-97C6-A37541948E85}"
EndProject
Project("{2150E333-8FDC-42A3-9474-1A3956D46DE8}") = "Solution Items", "Solution Items", "{84FB2CA7-5EEC-459E-B5DF-47AD7AF9AFAC}"
	ProjectSection(SolutionItems) = preProject
		..\..\test\dtc\DTC_DevOps\docker-compose.yml = ..\..\test\dtc\DTC_DevOps\docker-compose.yml
	EndProjectSection
EndProject
Global
	GlobalSection(SolutionConfigurationPlatforms) = preSolution
		Debug|Any CPU = Debug|Any CPU
		Release|Any CPU = Release|Any CPU
	EndGlobalSection
	GlobalSection(ProjectConfigurationPlatforms) = postSolution
		{3AE247F8-197D-4254-8B61-A0D2F23A0082}.Debug|Any CPU.ActiveCfg = Debug|Any CPU
		{3AE247F8-197D-4254-8B61-A0D2F23A0082}.Debug|Any CPU.Build.0 = Debug|Any CPU
		{3AE247F8-197D-4254-8B61-A0D2F23A0082}.Release|Any CPU.ActiveCfg = Release|Any CPU
		{3AE247F8-197D-4254-8B61-A0D2F23A0082}.Release|Any CPU.Build.0 = Release|Any CPU
		{9731C8B9-9B7F-4CAE-97C6-A37541948E85}.Debug|Any CPU.ActiveCfg = Debug|Any CPU
		{9731C8B9-9B7F-4CAE-97C6-A37541948E85}.Debug|Any CPU.Build.0 = Debug|Any CPU
		{9731C8B9-9B7F-4CAE-97C6-A37541948E85}.Release|Any CPU.ActiveCfg = Release|Any CPU
		{9731C8B9-9B7F-4CAE-97C6-A37541948E85}.Release|Any CPU.Build.0 = Release|Any CPU
	EndGlobalSection
	GlobalSection(SolutionProperties) = preSolution
		HideSolutionNode = FALSE
	EndGlobalSection
	GlobalSection(ExtensibilityGlobals) = postSolution
		SolutionGuid = {57840A82-1542-4C35-9F1C-E33B961605D0}
	EndGlobalSection
EndGlobal
